
Microsoft Visual Studio Solution File, Format Version 12.00
# Visual Studio Version 17
VisualStudioVersion = 17.14.36518.9
MinimumVisualStudioVersion = 10.0.40219.1
Project("{FAE04EC0-301F-11D3-BF4B-00C04F79EFBC}") = "UIProject", "UIProject\UIProject.csproj", "{FD65F973-9D04-4574-8A7F-5A8911230FA0}"
EndProject
Project("{FAE04EC0-301F-11D3-BF4B-00C04F79EFBC}") = "DTO", "DTO\DTO.csproj", "{AA6F2ABD-92D2-403A-9CC9-29907FE6E71A}"
EndProject
Project("{FAE04EC0-301F-11D3-BF4B-00C04F79EFBC}") = "ServiceContract", "ServiceContract\ServiceContract.csproj", "{F0E90005-A60F-494F-BA2D-DB91385EFE7C}"
EndProject
Project("{FAE04EC0-301F-11D3-BF4B-00C04F79EFBC}") = "Service", "Service\Service.csproj", "{7E5C0905-552E-4DFE-A2B6-BFFF01625DD9}"
EndProject
Global
	GlobalSection(SolutionConfigurationPlatforms) = preSolution
		Debug|Any CPU = Debug|Any CPU
		Release|Any CPU = Release|Any CPU
	EndGlobalSection
	GlobalSection(ProjectConfigurationPlatforms) = postSolution
		{FD65F973-9D04-4574-8A7F-5A8911230FA0}.Debug|Any CPU.ActiveCfg = Debug|Any CPU
		{FD65F973-9D04-4574-8A7F-5A8911230FA0}.Debug|Any CPU.Build.0 = Debug|Any CPU
		{FD65F973-9D04-4574-8A7F-5A8911230FA0}.Release|Any CPU.ActiveCfg = Release|Any CPU
		{FD65F973-9D04-4574-8A7F-5A8911230FA0}.Release|Any CPU.Build.0 = Release|Any CPU
		{AA6F2ABD-92D2-403A-9CC9-29907FE6E71A}.Debug|Any CPU.ActiveCfg = Debug|Any CPU
		{AA6F2ABD-92D2-403A-9CC9-29907FE6E71A}.Debug|Any CPU.Build.0 = Debug|Any CPU
		{AA6F2ABD-92D2-403A-9CC9-29907FE6E71A}.Release|Any CPU.ActiveCfg = Release|Any CPU
		{AA6F2ABD-92D2-403A-9CC9-29907FE6E71A}.Release|Any CPU.Build.0 = Release|Any CPU
		{F0E90005-A60F-494F-BA2D-DB91385EFE7C}.Debug|Any CPU.ActiveCfg = Debug|Any CPU
		{F0E90005-A60F-494F-BA2D-DB91385EFE7C}.Debug|Any CPU.Build.0 = Debug|Any CPU
		{F0E90005-A60F-494F-BA2D-DB91385EFE7C}.Release|Any CPU.ActiveCfg = Release|Any CPU
		{F0E90005-A60F-494F-BA2D-DB91385EFE7C}.Release|Any CPU.Build.0 = Release|Any CPU
		{7E5C0905-552E-4DFE-A2B6-BFFF01625DD9}.Debug|Any CPU.ActiveCfg = Debug|Any CPU
		{7E5C0905-552E-4DFE-A2B6-BFFF01625DD9}.Debug|Any CPU.Build.0 = Debug|Any CPU
		{7E5C0905-552E-4DFE-A2B6-BFFF01625DD9}.Release|Any CPU.ActiveCfg = Release|Any CPU
		{7E5C0905-552E-4DFE-A2B6-BFFF01625DD9}.Release|Any CPU.Build.0 = Release|Any CPU
	EndGlobalSection
	GlobalSection(SolutionProperties) = preSolution
		HideSolutionNode = FALSE
	EndGlobalSection
	GlobalSection(ExtensibilityGlobals) = postSolution
		SolutionGuid = {E4A63E9B-9B3D-4486-AF85-5ECC7D5F689B}
	EndGlobalSection
EndGlobal
